{
  "version": 4,
  "terraform_version": "1.3.7",
  "serial": 38,
  "lineage": "84082c6a-284c-2930-5bba-954079f3c35b",
  "outputs": {
    "resource-ids": {
      "value": "Environment ID:   env-knnqkp\nKafka Cluster ID: lkc-7nzxw1\nKafka topic name: orders\n\nService Accounts and their Kafka API Keys (API Keys inherit the permissions granted to the owner):\napp-manager-salessandro-gcp-basic:                     sa-6gkw82\napp-manager-salessandro-gcp-basic's Kafka API Key:     \"MVSZ4ACAZSGJTPCS\"\napp-manager-salessandro-gcp-basic's Kafka API Secret:  \"7pPvlu/JK/66QxdSzfMmCY2/9xyN4NQpYCSA9hLEm48OWta8xwcfQ24rE7B8bMds\"\n\napp-producer-salessandro-gcp-basic:                    sa-557q62\napp-producer-salessandro-gcp-basic's Kafka API Key:    \"HUPDXWRKUSQ72CYN\"\napp-producer-salessandro-gcp-basic's Kafka API Secret: \"mLsyEBt+L+D73wnnUblX2HwEILegCW6g8ThW7XjdGE9GAad8CGTxrBUXXLVkALBu\"\n\napp-consumer-salessandro-gcp-basic:                    sa-d1ovwd\napp-consumer-salessandro-gcp-basic's Kafka API Key:    \"DM2CCYGU4R7VXUHN\"\napp-consumer-salessandro-gcp-basic's Kafka API Secret: \"5DJIkeT6KWFariqWbfO/QLKmOTpZCMbg/auvfINUcepPvnzSJ32VbbZ6SLrHr1Jo\"\n\nIn order to use the Confluent CLI v2 to produce and consume messages from topic 'orders' using Kafka API Keys\nof app-producer-salessandro-gcp-basic and app-consumer-salessandro-gcp-basic service accounts\nrun the following commands:\n\n# 1. Log in to Confluent Cloud\n$ confluent login\n\n# 2. Produce key-value records to topic 'orders' by using app-producer-salessandro-gcp-basic's Kafka API Key\n$ confluent kafka topic produce orders --environment env-knnqkp --cluster lkc-7nzxw1 --api-key \"HUPDXWRKUSQ72CYN\" --api-secret \"mLsyEBt+L+D73wnnUblX2HwEILegCW6g8ThW7XjdGE9GAad8CGTxrBUXXLVkALBu\"\n# Enter a few records and then press 'Ctrl-C' when you're done.\n# Sample records:\n# {\"number\":1,\"date\":18500,\"shipping_address\":\"899 W Evelyn Ave, Mountain View, CA 94041, USA\",\"cost\":15.00}\n# {\"number\":2,\"date\":18501,\"shipping_address\":\"1 Bedford St, London WC2E 9HG, United Kingdom\",\"cost\":5.00}\n# {\"number\":3,\"date\":18502,\"shipping_address\":\"3307 Northland Dr Suite 400, Austin, TX 78731, USA\",\"cost\":10.00}\n\n# 3. Consume records from topic 'orders' by using app-consumer-salessandro-gcp-basic's Kafka API Key\n$ confluent kafka topic consume orders --from-beginning --environment env-knnqkp --cluster lkc-7nzxw1 --api-key \"DM2CCYGU4R7VXUHN\" --api-secret \"5DJIkeT6KWFariqWbfO/QLKmOTpZCMbg/auvfINUcepPvnzSJ32VbbZ6SLrHr1Jo\"\n# When you are done, press 'Ctrl-C'.\n",
      "type": "string",
      "sensitive": true
    }
  },
  "resources": [
    {
      "mode": "data",
      "type": "confluent_schema_registry_region",
      "name": "essentials",
      "provider": "provider[\"registry.terraform.io/confluentinc/confluent\"]",
      "instances": [
        {
          "schema_version": 0,
          "attributes": {
            "cloud": "AWS",
            "id": "sgreg-1",
            "package": "ESSENTIALS",
            "region": "us-east-2"
          },
          "sensitive_attributes": []
        }
      ]
    },
    {
      "mode": "managed",
      "type": "confluent_api_key",
      "name": "app-consumer-kafka-api-key",
      "provider": "provider[\"registry.terraform.io/confluentinc/confluent\"]",
      "instances": [
        {
          "schema_version": 0,
          "attributes": {
            "description": "Kafka API Key that is owned by 'app-consumer' service account",
            "disable_wait_for_ready": false,
            "display_name": "app-consumer-kafka-api-key-salessandro-gcp-basic",
            "id": "DM2CCYGU4R7VXUHN",
            "managed_resource": [
              {
                "api_version": "cmk/v2",
                "environment": [
                  {
                    "id": "env-knnqkp"
                  }
                ],
                "id": "lkc-7nzxw1",
                "kind": "Cluster"
              }
            ],
            "owner": [
              {
                "api_version": "iam/v2",
                "id": "sa-d1ovwd",
                "kind": "ServiceAccount"
              }
            ],
            "secret": "5DJIkeT6KWFariqWbfO/QLKmOTpZCMbg/auvfINUcepPvnzSJ32VbbZ6SLrHr1Jo"
          },
          "sensitive_attributes": [],
          "private": "bnVsbA==",
          "dependencies": [
            "confluent_environment.staging",
            "confluent_kafka_cluster.basic",
            "confluent_service_account.app-consumer"
          ]
        }
      ]
    },
    {
      "mode": "managed",
      "type": "confluent_api_key",
      "name": "app-manager-kafka-api-key",
      "provider": "provider[\"registry.terraform.io/confluentinc/confluent\"]",
      "instances": [
        {
          "schema_version": 0,
          "attributes": {
            "description": "Kafka API Key that is owned by 'app-manager' service account",
            "disable_wait_for_ready": false,
            "display_name": "app-manager-kafka-api-key-salessandro-gcp-basic",
            "id": "MVSZ4ACAZSGJTPCS",
            "managed_resource": [
              {
                "api_version": "cmk/v2",
                "environment": [
                  {
                    "id": "env-knnqkp"
                  }
                ],
                "id": "lkc-7nzxw1",
                "kind": "Cluster"
              }
            ],
            "owner": [
              {
                "api_version": "iam/v2",
                "id": "sa-6gkw82",
                "kind": "ServiceAccount"
              }
            ],
            "secret": "7pPvlu/JK/66QxdSzfMmCY2/9xyN4NQpYCSA9hLEm48OWta8xwcfQ24rE7B8bMds"
          },
          "sensitive_attributes": [],
          "private": "bnVsbA==",
          "dependencies": [
            "confluent_environment.staging",
            "confluent_kafka_cluster.basic",
            "confluent_role_binding.app-manager-kafka-cluster-admin",
            "confluent_service_account.app-manager"
          ]
        }
      ]
    },
    {
      "mode": "managed",
      "type": "confluent_api_key",
      "name": "app-producer-kafka-api-key",
      "provider": "provider[\"registry.terraform.io/confluentinc/confluent\"]",
      "instances": [
        {
          "schema_version": 0,
          "attributes": {
            "description": "Kafka API Key that is owned by 'app-producer' service account",
            "disable_wait_for_ready": false,
            "display_name": "app-producer-kafka-api-key-salessandro-gcp-basic",
            "id": "HUPDXWRKUSQ72CYN",
            "managed_resource": [
              {
                "api_version": "cmk/v2",
                "environment": [
                  {
                    "id": "env-knnqkp"
                  }
                ],
                "id": "lkc-7nzxw1",
                "kind": "Cluster"
              }
            ],
            "owner": [
              {
                "api_version": "iam/v2",
                "id": "sa-557q62",
                "kind": "ServiceAccount"
              }
            ],
            "secret": "mLsyEBt+L+D73wnnUblX2HwEILegCW6g8ThW7XjdGE9GAad8CGTxrBUXXLVkALBu"
          },
          "sensitive_attributes": [],
          "private": "bnVsbA==",
          "dependencies": [
            "confluent_environment.staging",
            "confluent_kafka_cluster.basic",
            "confluent_service_account.app-producer"
          ]
        }
      ]
    },
    {
      "mode": "managed",
      "type": "confluent_environment",
      "name": "staging",
      "provider": "provider[\"registry.terraform.io/confluentinc/confluent\"]",
      "instances": [
        {
          "schema_version": 0,
          "attributes": {
            "display_name": "Staging",
            "id": "env-knnqkp",
            "resource_name": "crn://confluent.cloud/organization=a8b6d402-8c5c-40f6-bb00-32688b97f0d5/environment=env-knnqkp"
          },
          "sensitive_attributes": [],
          "private": "eyJzY2hlbWFfdmVyc2lvbiI6IjAifQ=="
        }
      ]
    },
    {
      "mode": "managed",
      "type": "confluent_kafka_acl",
      "name": "app-consumer-read-on-group",
      "provider": "provider[\"registry.terraform.io/confluentinc/confluent\"]",
      "instances": [
        {
          "schema_version": 2,
          "attributes": {
            "credentials": [
              {
                "key": "MVSZ4ACAZSGJTPCS",
                "secret": "7pPvlu/JK/66QxdSzfMmCY2/9xyN4NQpYCSA9hLEm48OWta8xwcfQ24rE7B8bMds"
              }
            ],
            "host": "*",
            "id": "lkc-7nzxw1/GROUP#confluent_cli_consumer_#PREFIXED#User:sa-d1ovwd#*#READ#ALLOW",
            "kafka_cluster": [
              {
                "id": "lkc-7nzxw1"
              }
            ],
            "operation": "READ",
            "pattern_type": "PREFIXED",
            "permission": "ALLOW",
            "principal": "User:sa-d1ovwd",
            "resource_name": "confluent_cli_consumer_",
            "resource_type": "GROUP",
            "rest_endpoint": "https://pkc-4yyd6.us-east1.gcp.confluent.cloud:443"
          },
          "sensitive_attributes": [
            [
              {
                "type": "get_attr",
                "value": "credentials"
              },
              {
                "type": "index",
                "value": {
                  "value": 0,
                  "type": "number"
                }
              },
              {
                "type": "get_attr",
                "value": "secret"
              }
            ]
          ],
          "private": "eyJzY2hlbWFfdmVyc2lvbiI6IjIifQ==",
          "dependencies": [
            "confluent_api_key.app-manager-kafka-api-key",
            "confluent_environment.staging",
            "confluent_kafka_cluster.basic",
            "confluent_role_binding.app-manager-kafka-cluster-admin",
            "confluent_service_account.app-consumer",
            "confluent_service_account.app-manager"
          ]
        }
      ]
    },
    {
      "mode": "managed",
      "type": "confluent_kafka_acl",
      "name": "app-consumer-read-on-topic",
      "provider": "provider[\"registry.terraform.io/confluentinc/confluent\"]",
      "instances": [
        {
          "schema_version": 2,
          "attributes": {
            "credentials": [
              {
                "key": "MVSZ4ACAZSGJTPCS",
                "secret": "7pPvlu/JK/66QxdSzfMmCY2/9xyN4NQpYCSA9hLEm48OWta8xwcfQ24rE7B8bMds"
              }
            ],
            "host": "*",
            "id": "lkc-7nzxw1/TOPIC#orders#LITERAL#User:sa-d1ovwd#*#READ#ALLOW",
            "kafka_cluster": [
              {
                "id": "lkc-7nzxw1"
              }
            ],
            "operation": "READ",
            "pattern_type": "LITERAL",
            "permission": "ALLOW",
            "principal": "User:sa-d1ovwd",
            "resource_name": "orders",
            "resource_type": "TOPIC",
            "rest_endpoint": "https://pkc-4yyd6.us-east1.gcp.confluent.cloud:443"
          },
          "sensitive_attributes": [
            [
              {
                "type": "get_attr",
                "value": "credentials"
              },
              {
                "type": "index",
                "value": {
                  "value": 0,
                  "type": "number"
                }
              },
              {
                "type": "get_attr",
                "value": "secret"
              }
            ]
          ],
          "private": "eyJzY2hlbWFfdmVyc2lvbiI6IjIifQ==",
          "dependencies": [
            "confluent_api_key.app-manager-kafka-api-key",
            "confluent_environment.staging",
            "confluent_kafka_cluster.basic",
            "confluent_kafka_topic.orders",
            "confluent_role_binding.app-manager-kafka-cluster-admin",
            "confluent_service_account.app-consumer",
            "confluent_service_account.app-manager"
          ]
        }
      ]
    },
    {
      "mode": "managed",
      "type": "confluent_kafka_acl",
      "name": "app-producer-write-on-topic",
      "provider": "provider[\"registry.terraform.io/confluentinc/confluent\"]",
      "instances": [
        {
          "schema_version": 2,
          "attributes": {
            "credentials": [
              {
                "key": "MVSZ4ACAZSGJTPCS",
                "secret": "7pPvlu/JK/66QxdSzfMmCY2/9xyN4NQpYCSA9hLEm48OWta8xwcfQ24rE7B8bMds"
              }
            ],
            "host": "*",
            "id": "lkc-7nzxw1/TOPIC#orders#LITERAL#User:sa-557q62#*#WRITE#ALLOW",
            "kafka_cluster": [
              {
                "id": "lkc-7nzxw1"
              }
            ],
            "operation": "WRITE",
            "pattern_type": "LITERAL",
            "permission": "ALLOW",
            "principal": "User:sa-557q62",
            "resource_name": "orders",
            "resource_type": "TOPIC",
            "rest_endpoint": "https://pkc-4yyd6.us-east1.gcp.confluent.cloud:443"
          },
          "sensitive_attributes": [
            [
              {
                "type": "get_attr",
                "value": "credentials"
              },
              {
                "type": "index",
                "value": {
                  "value": 0,
                  "type": "number"
                }
              },
              {
                "type": "get_attr",
                "value": "secret"
              }
            ]
          ],
          "private": "eyJzY2hlbWFfdmVyc2lvbiI6IjIifQ==",
          "dependencies": [
            "confluent_api_key.app-manager-kafka-api-key",
            "confluent_environment.staging",
            "confluent_kafka_cluster.basic",
            "confluent_kafka_topic.orders",
            "confluent_role_binding.app-manager-kafka-cluster-admin",
            "confluent_service_account.app-manager",
            "confluent_service_account.app-producer"
          ]
        }
      ]
    },
    {
      "mode": "managed",
      "type": "confluent_kafka_cluster",
      "name": "basic",
      "provider": "provider[\"registry.terraform.io/confluentinc/confluent\"]",
      "instances": [
        {
          "schema_version": 1,
          "attributes": {
            "api_version": "cmk/v2",
            "availability": "SINGLE_ZONE",
            "basic": [
              {}
            ],
            "bootstrap_endpoint": "SASL_SSL://pkc-4yyd6.us-east1.gcp.confluent.cloud:9092",
            "cloud": "GCP",
            "dedicated": [],
            "display_name": "inventory-GCP",
            "environment": [
              {
                "id": "env-knnqkp"
              }
            ],
            "id": "lkc-7nzxw1",
            "kind": "Cluster",
            "network": [
              {
                "id": ""
              }
            ],
            "rbac_crn": "crn://confluent.cloud/organization=a8b6d402-8c5c-40f6-bb00-32688b97f0d5/environment=env-knnqkp/cloud-cluster=lkc-7nzxw1",
            "region": "us-east1",
            "rest_endpoint": "https://pkc-4yyd6.us-east1.gcp.confluent.cloud:443",
            "standard": [],
            "timeouts": null
          },
          "sensitive_attributes": [],
          "private": "eyJlMmJmYjczMC1lY2FhLTExZTYtOGY4OC0zNDM2M2JjN2M0YzAiOnsiY3JlYXRlIjoyNTkyMDAwMDAwMDAwMDAsInVwZGF0ZSI6MjU5MjAwMDAwMDAwMDAwfSwic2NoZW1hX3ZlcnNpb24iOiIxIn0=",
          "dependencies": [
            "confluent_environment.staging"
          ]
        }
      ]
    },
    {
      "mode": "managed",
      "type": "confluent_kafka_topic",
      "name": "orders",
      "provider": "provider[\"registry.terraform.io/confluentinc/confluent\"]",
      "instances": [
        {
          "schema_version": 2,
          "attributes": {
            "config": {},
            "credentials": [
              {
                "key": "MVSZ4ACAZSGJTPCS",
                "secret": "7pPvlu/JK/66QxdSzfMmCY2/9xyN4NQpYCSA9hLEm48OWta8xwcfQ24rE7B8bMds"
              }
            ],
            "id": "lkc-7nzxw1/orders",
            "kafka_cluster": [
              {
                "id": "lkc-7nzxw1"
              }
            ],
            "partitions_count": 6,
            "rest_endpoint": "https://pkc-4yyd6.us-east1.gcp.confluent.cloud:443",
            "topic_name": "orders"
          },
          "sensitive_attributes": [
            [
              {
                "type": "get_attr",
                "value": "credentials"
              },
              {
                "type": "index",
                "value": {
                  "value": 0,
                  "type": "number"
                }
              },
              {
                "type": "get_attr",
                "value": "secret"
              }
            ]
          ],
          "private": "eyJzY2hlbWFfdmVyc2lvbiI6IjIifQ==",
          "dependencies": [
            "confluent_api_key.app-manager-kafka-api-key",
            "confluent_environment.staging",
            "confluent_kafka_cluster.basic",
            "confluent_role_binding.app-manager-kafka-cluster-admin",
            "confluent_service_account.app-manager"
          ]
        }
      ]
    },
    {
      "mode": "managed",
      "type": "confluent_role_binding",
      "name": "app-manager-kafka-cluster-admin",
      "provider": "provider[\"registry.terraform.io/confluentinc/confluent\"]",
      "instances": [
        {
          "schema_version": 0,
          "attributes": {
            "crn_pattern": "crn://confluent.cloud/organization=a8b6d402-8c5c-40f6-bb00-32688b97f0d5/environment=env-knnqkp/cloud-cluster=lkc-7nzxw1",
            "id": "rb-ZWB03",
            "principal": "User:sa-6gkw82",
            "role_name": "CloudClusterAdmin"
          },
          "sensitive_attributes": [],
          "private": "bnVsbA==",
          "dependencies": [
            "confluent_environment.staging",
            "confluent_kafka_cluster.basic",
            "confluent_service_account.app-manager"
          ]
        }
      ]
    },
    {
      "mode": "managed",
      "type": "confluent_schema_registry_cluster",
      "name": "essentials",
      "provider": "provider[\"registry.terraform.io/confluentinc/confluent\"]",
      "instances": [
        {
          "schema_version": 0,
          "attributes": {
            "api_version": "srcm/v2",
            "display_name": "Stream Governance Package",
            "environment": [
              {
                "id": "env-knnqkp"
              }
            ],
            "id": "lsrc-3r0q9m",
            "kind": "Cluster",
            "package": "ESSENTIALS",
            "region": [
              {
                "id": "sgreg-1"
              }
            ],
            "resource_name": "crn://confluent.cloud/organization=a8b6d402-8c5c-40f6-bb00-32688b97f0d5/environment=env-knnqkp/schema-registry=lsrc-3r0q9m",
            "rest_endpoint": "https://psrc-vn38j.us-east-2.aws.confluent.cloud"
          },
          "sensitive_attributes": [],
          "private": "eyJzY2hlbWFfdmVyc2lvbiI6IjAifQ==",
          "dependencies": [
            "confluent_environment.staging",
            "data.confluent_schema_registry_region.essentials"
          ]
        }
      ]
    },
    {
      "mode": "managed",
      "type": "confluent_service_account",
      "name": "app-consumer",
      "provider": "provider[\"registry.terraform.io/confluentinc/confluent\"]",
      "instances": [
        {
          "schema_version": 0,
          "attributes": {
            "api_version": "iam/v2",
            "description": "Service account to consume from 'orders' topic of 'inventory' Kafka cluster",
            "display_name": "app-consumer-salessandro-gcp-basic",
            "id": "sa-d1ovwd",
            "kind": "ServiceAccount"
          },
          "sensitive_attributes": [],
          "private": "bnVsbA=="
        }
      ]
    },
    {
      "mode": "managed",
      "type": "confluent_service_account",
      "name": "app-manager",
      "provider": "provider[\"registry.terraform.io/confluentinc/confluent\"]",
      "instances": [
        {
          "schema_version": 0,
          "attributes": {
            "api_version": "iam/v2",
            "description": "Service account to manage 'inventory' Kafka cluster",
            "display_name": "app-manager-salessandro-gcp-basic",
            "id": "sa-6gkw82",
            "kind": "ServiceAccount"
          },
          "sensitive_attributes": [],
          "private": "bnVsbA=="
        }
      ]
    },
    {
      "mode": "managed",
      "type": "confluent_service_account",
      "name": "app-producer",
      "provider": "provider[\"registry.terraform.io/confluentinc/confluent\"]",
      "instances": [
        {
          "schema_version": 0,
          "attributes": {
            "api_version": "iam/v2",
            "description": "Service account to produce to 'orders' topic of 'inventory' Kafka cluster",
            "display_name": "app-producer-salessandro-gcp-basic",
            "id": "sa-557q62",
            "kind": "ServiceAccount"
          },
          "sensitive_attributes": [],
          "private": "bnVsbA=="
        }
      ]
    }
  ],
  "check_results": null
}
