{
  "version": 4,
  "terraform_version": "1.3.7",
  "serial": 41,
  "lineage": "829126ce-8d8d-c263-701a-2c6ffe03fda4",
  "outputs": {
    "resource-ids": {
      "value": "Environment ID:   env-knnqkp\nKafka Cluster ID: lkc-3r0q90\nKafka topic name: orders\n\nService Accounts and their Kafka API Keys (API Keys inherit the permissions granted to the owner):\napp-manager-salessandro-aws-basic:                     sa-mzv2px\napp-manager-salessandro-aws-basic's Kafka API Key:     \"D27TMGAPE6UJQEG5\"\napp-manager-salessandro-aws-basic's Kafka API Secret:  \"F2giV4A3cIZZ17n3RVYLaNuX5d+S0Fx+9d+iVnDgn13nTrT1JpmWrrFtAWaX6oEI\"\n\napp-producer-salessandro-aws-basic:                    sa-8g1vy7\napp-producer-salessandro-aws-basic's Kafka API Key:    \"55CEP3MMECQ36DUK\"\napp-producer-salessandro-aws-basic's Kafka API Secret: \"AISdH+mJhlUWJ98om3aIYyDjzcT38uGWpYAtRFamdsihn1SdoQdPRlVu4Ufd/YhW\"\n\napp-consumer-salessandro-aws-basic:                    sa-03xd56\napp-consumer-salessandro-aws-basic's Kafka API Key:    \"6T3TNESQJBVJBFDX\"\napp-consumer-salessandro-aws-basic's Kafka API Secret: \"kuAyyj016NM2Mu3O39UtOWye7uSdOEU3fo5ptL7jPZJKxFcj9LZo0IapXch6rjd3\"\n\nIn order to use the Confluent CLI v2 to produce and consume messages from topic 'orders' using Kafka API Keys\nof app-producer-salessandro-aws-basic and app-consumer-salessandro-aws-basic service accounts\nrun the following commands:\n\n# 1. Log in to Confluent Cloud\n$ confluent login\n\n# 2. Produce key-value records to topic 'orders' by using app-producer-salessandro-aws-basic's Kafka API Key\n$ confluent kafka topic produce orders --environment env-knnqkp --cluster lkc-3r0q90 --api-key \"55CEP3MMECQ36DUK\" --api-secret \"AISdH+mJhlUWJ98om3aIYyDjzcT38uGWpYAtRFamdsihn1SdoQdPRlVu4Ufd/YhW\"\n# Enter a few records and then press 'Ctrl-C' when you're done.\n# Sample records:\n# {\"number\":1,\"date\":18500,\"shipping_address\":\"899 W Evelyn Ave, Mountain View, CA 94041, USA\",\"cost\":15.00}\n# {\"number\":2,\"date\":18501,\"shipping_address\":\"1 Bedford St, London WC2E 9HG, United Kingdom\",\"cost\":5.00}\n# {\"number\":3,\"date\":18502,\"shipping_address\":\"3307 Northland Dr Suite 400, Austin, TX 78731, USA\",\"cost\":10.00}\n\n# 3. Consume records from topic 'orders' by using app-consumer-salessandro-aws-basic's Kafka API Key\n$ confluent kafka topic consume orders --from-beginning --environment env-knnqkp --cluster lkc-3r0q90 --api-key \"6T3TNESQJBVJBFDX\" --api-secret \"kuAyyj016NM2Mu3O39UtOWye7uSdOEU3fo5ptL7jPZJKxFcj9LZo0IapXch6rjd3\"\n# When you are done, press 'Ctrl-C'.\n",
      "type": "string",
      "sensitive": true
    }
  },
  "resources": [
    {
      "mode": "data",
      "type": "confluent_schema_registry_region",
      "name": "essentials",
      "provider": "provider[\"registry.terraform.io/confluentinc/confluent\"]",
      "instances": [
        {
          "schema_version": 0,
          "attributes": {
            "cloud": "AWS",
            "id": "sgreg-1",
            "package": "ESSENTIALS",
            "region": "us-east-2"
          },
          "sensitive_attributes": []
        }
      ]
    },
    {
      "mode": "managed",
      "type": "confluent_api_key",
      "name": "app-consumer-kafka-api-key",
      "provider": "provider[\"registry.terraform.io/confluentinc/confluent\"]",
      "instances": [
        {
          "schema_version": 0,
          "attributes": {
            "description": "Kafka API Key that is owned by 'app-consumer' service account",
            "disable_wait_for_ready": false,
            "display_name": "app-consumer-kafka-api-key-salessandro-aws-basic",
            "id": "6T3TNESQJBVJBFDX",
            "managed_resource": [
              {
                "api_version": "cmk/v2",
                "environment": [
                  {
                    "id": "env-knnqkp"
                  }
                ],
                "id": "lkc-3r0q90",
                "kind": "Cluster"
              }
            ],
            "owner": [
              {
                "api_version": "iam/v2",
                "id": "sa-03xd56",
                "kind": "ServiceAccount"
              }
            ],
            "secret": "kuAyyj016NM2Mu3O39UtOWye7uSdOEU3fo5ptL7jPZJKxFcj9LZo0IapXch6rjd3"
          },
          "sensitive_attributes": [],
          "private": "bnVsbA==",
          "dependencies": [
            "confluent_environment.staging",
            "confluent_kafka_cluster.basic",
            "confluent_service_account.app-consumer"
          ]
        }
      ]
    },
    {
      "mode": "managed",
      "type": "confluent_api_key",
      "name": "app-manager-kafka-api-key",
      "provider": "provider[\"registry.terraform.io/confluentinc/confluent\"]",
      "instances": [
        {
          "schema_version": 0,
          "attributes": {
            "description": "Kafka API Key that is owned by 'app-manager' service account",
            "disable_wait_for_ready": false,
            "display_name": "app-manager-kafka-api-key-salessandro-aws-basic",
            "id": "D27TMGAPE6UJQEG5",
            "managed_resource": [
              {
                "api_version": "cmk/v2",
                "environment": [
                  {
                    "id": "env-knnqkp"
                  }
                ],
                "id": "lkc-3r0q90",
                "kind": "Cluster"
              }
            ],
            "owner": [
              {
                "api_version": "iam/v2",
                "id": "sa-mzv2px",
                "kind": "ServiceAccount"
              }
            ],
            "secret": "F2giV4A3cIZZ17n3RVYLaNuX5d+S0Fx+9d+iVnDgn13nTrT1JpmWrrFtAWaX6oEI"
          },
          "sensitive_attributes": [],
          "private": "bnVsbA==",
          "dependencies": [
            "confluent_environment.staging",
            "confluent_kafka_cluster.basic",
            "confluent_role_binding.app-manager-kafka-cluster-admin",
            "confluent_service_account.app-manager"
          ]
        }
      ]
    },
    {
      "mode": "managed",
      "type": "confluent_api_key",
      "name": "app-producer-kafka-api-key",
      "provider": "provider[\"registry.terraform.io/confluentinc/confluent\"]",
      "instances": [
        {
          "schema_version": 0,
          "attributes": {
            "description": "Kafka API Key that is owned by 'app-producer' service account",
            "disable_wait_for_ready": false,
            "display_name": "app-producer-kafka-api-key-salessandro-aws-basic",
            "id": "55CEP3MMECQ36DUK",
            "managed_resource": [
              {
                "api_version": "cmk/v2",
                "environment": [
                  {
                    "id": "env-knnqkp"
                  }
                ],
                "id": "lkc-3r0q90",
                "kind": "Cluster"
              }
            ],
            "owner": [
              {
                "api_version": "iam/v2",
                "id": "sa-8g1vy7",
                "kind": "ServiceAccount"
              }
            ],
            "secret": "AISdH+mJhlUWJ98om3aIYyDjzcT38uGWpYAtRFamdsihn1SdoQdPRlVu4Ufd/YhW"
          },
          "sensitive_attributes": [],
          "private": "bnVsbA==",
          "dependencies": [
            "confluent_environment.staging",
            "confluent_kafka_cluster.basic",
            "confluent_service_account.app-producer"
          ]
        }
      ]
    },
    {
      "mode": "managed",
      "type": "confluent_environment",
      "name": "staging",
      "provider": "provider[\"registry.terraform.io/confluentinc/confluent\"]",
      "instances": [
        {
          "schema_version": 0,
          "attributes": {
            "display_name": "Staging",
            "id": "env-knnqkp",
            "resource_name": "crn://confluent.cloud/organization=a8b6d402-8c5c-40f6-bb00-32688b97f0d5/environment=env-knnqkp"
          },
          "sensitive_attributes": [],
          "private": "eyJzY2hlbWFfdmVyc2lvbiI6IjAifQ=="
        }
      ]
    },
    {
      "mode": "managed",
      "type": "confluent_kafka_acl",
      "name": "app-consumer-read-on-group",
      "provider": "provider[\"registry.terraform.io/confluentinc/confluent\"]",
      "instances": [
        {
          "schema_version": 2,
          "attributes": {
            "credentials": [
              {
                "key": "D27TMGAPE6UJQEG5",
                "secret": "F2giV4A3cIZZ17n3RVYLaNuX5d+S0Fx+9d+iVnDgn13nTrT1JpmWrrFtAWaX6oEI"
              }
            ],
            "host": "*",
            "id": "lkc-3r0q90/GROUP#confluent_cli_consumer_#PREFIXED#User:sa-03xd56#*#READ#ALLOW",
            "kafka_cluster": [
              {
                "id": "lkc-3r0q90"
              }
            ],
            "operation": "READ",
            "pattern_type": "PREFIXED",
            "permission": "ALLOW",
            "principal": "User:sa-03xd56",
            "resource_name": "confluent_cli_consumer_",
            "resource_type": "GROUP",
            "rest_endpoint": "https://pkc-ymrq7.us-east-2.aws.confluent.cloud:443"
          },
          "sensitive_attributes": [
            [
              {
                "type": "get_attr",
                "value": "credentials"
              },
              {
                "type": "index",
                "value": {
                  "value": 0,
                  "type": "number"
                }
              },
              {
                "type": "get_attr",
                "value": "secret"
              }
            ]
          ],
          "private": "eyJzY2hlbWFfdmVyc2lvbiI6IjIifQ==",
          "dependencies": [
            "confluent_api_key.app-manager-kafka-api-key",
            "confluent_environment.staging",
            "confluent_kafka_cluster.basic",
            "confluent_role_binding.app-manager-kafka-cluster-admin",
            "confluent_service_account.app-consumer",
            "confluent_service_account.app-manager"
          ]
        }
      ]
    },
    {
      "mode": "managed",
      "type": "confluent_kafka_acl",
      "name": "app-consumer-read-on-topic",
      "provider": "provider[\"registry.terraform.io/confluentinc/confluent\"]",
      "instances": [
        {
          "schema_version": 2,
          "attributes": {
            "credentials": [
              {
                "key": "D27TMGAPE6UJQEG5",
                "secret": "F2giV4A3cIZZ17n3RVYLaNuX5d+S0Fx+9d+iVnDgn13nTrT1JpmWrrFtAWaX6oEI"
              }
            ],
            "host": "*",
            "id": "lkc-3r0q90/TOPIC#orders#LITERAL#User:sa-03xd56#*#READ#ALLOW",
            "kafka_cluster": [
              {
                "id": "lkc-3r0q90"
              }
            ],
            "operation": "READ",
            "pattern_type": "LITERAL",
            "permission": "ALLOW",
            "principal": "User:sa-03xd56",
            "resource_name": "orders",
            "resource_type": "TOPIC",
            "rest_endpoint": "https://pkc-ymrq7.us-east-2.aws.confluent.cloud:443"
          },
          "sensitive_attributes": [
            [
              {
                "type": "get_attr",
                "value": "credentials"
              },
              {
                "type": "index",
                "value": {
                  "value": 0,
                  "type": "number"
                }
              },
              {
                "type": "get_attr",
                "value": "secret"
              }
            ]
          ],
          "private": "eyJzY2hlbWFfdmVyc2lvbiI6IjIifQ==",
          "dependencies": [
            "confluent_api_key.app-manager-kafka-api-key",
            "confluent_environment.staging",
            "confluent_kafka_cluster.basic",
            "confluent_kafka_topic.orders",
            "confluent_role_binding.app-manager-kafka-cluster-admin",
            "confluent_service_account.app-consumer",
            "confluent_service_account.app-manager"
          ]
        }
      ]
    },
    {
      "mode": "managed",
      "type": "confluent_kafka_acl",
      "name": "app-producer-write-on-topic",
      "provider": "provider[\"registry.terraform.io/confluentinc/confluent\"]",
      "instances": [
        {
          "schema_version": 2,
          "attributes": {
            "credentials": [
              {
                "key": "D27TMGAPE6UJQEG5",
                "secret": "F2giV4A3cIZZ17n3RVYLaNuX5d+S0Fx+9d+iVnDgn13nTrT1JpmWrrFtAWaX6oEI"
              }
            ],
            "host": "*",
            "id": "lkc-3r0q90/TOPIC#orders#LITERAL#User:sa-8g1vy7#*#WRITE#ALLOW",
            "kafka_cluster": [
              {
                "id": "lkc-3r0q90"
              }
            ],
            "operation": "WRITE",
            "pattern_type": "LITERAL",
            "permission": "ALLOW",
            "principal": "User:sa-8g1vy7",
            "resource_name": "orders",
            "resource_type": "TOPIC",
            "rest_endpoint": "https://pkc-ymrq7.us-east-2.aws.confluent.cloud:443"
          },
          "sensitive_attributes": [
            [
              {
                "type": "get_attr",
                "value": "credentials"
              },
              {
                "type": "index",
                "value": {
                  "value": 0,
                  "type": "number"
                }
              },
              {
                "type": "get_attr",
                "value": "secret"
              }
            ]
          ],
          "private": "eyJzY2hlbWFfdmVyc2lvbiI6IjIifQ==",
          "dependencies": [
            "confluent_api_key.app-manager-kafka-api-key",
            "confluent_environment.staging",
            "confluent_kafka_cluster.basic",
            "confluent_kafka_topic.orders",
            "confluent_role_binding.app-manager-kafka-cluster-admin",
            "confluent_service_account.app-manager",
            "confluent_service_account.app-producer"
          ]
        }
      ]
    },
    {
      "mode": "managed",
      "type": "confluent_kafka_cluster",
      "name": "basic",
      "provider": "provider[\"registry.terraform.io/confluentinc/confluent\"]",
      "instances": [
        {
          "schema_version": 1,
          "attributes": {
            "api_version": "cmk/v2",
            "availability": "SINGLE_ZONE",
            "basic": [
              {}
            ],
            "bootstrap_endpoint": "SASL_SSL://pkc-ymrq7.us-east-2.aws.confluent.cloud:9092",
            "cloud": "AWS",
            "dedicated": [],
            "display_name": "inventory-AWS",
            "environment": [
              {
                "id": "env-knnqkp"
              }
            ],
            "id": "lkc-3r0q90",
            "kind": "Cluster",
            "network": [
              {
                "id": ""
              }
            ],
            "rbac_crn": "crn://confluent.cloud/organization=a8b6d402-8c5c-40f6-bb00-32688b97f0d5/environment=env-knnqkp/cloud-cluster=lkc-3r0q90",
            "region": "us-east-2",
            "rest_endpoint": "https://pkc-ymrq7.us-east-2.aws.confluent.cloud:443",
            "standard": [],
            "timeouts": null
          },
          "sensitive_attributes": [],
          "private": "eyJlMmJmYjczMC1lY2FhLTExZTYtOGY4OC0zNDM2M2JjN2M0YzAiOnsiY3JlYXRlIjoyNTkyMDAwMDAwMDAwMDAsInVwZGF0ZSI6MjU5MjAwMDAwMDAwMDAwfSwic2NoZW1hX3ZlcnNpb24iOiIxIn0=",
          "dependencies": [
            "confluent_environment.staging"
          ]
        }
      ]
    },
    {
      "mode": "managed",
      "type": "confluent_kafka_topic",
      "name": "orders",
      "provider": "provider[\"registry.terraform.io/confluentinc/confluent\"]",
      "instances": [
        {
          "schema_version": 2,
          "attributes": {
            "config": {},
            "credentials": [
              {
                "key": "D27TMGAPE6UJQEG5",
                "secret": "F2giV4A3cIZZ17n3RVYLaNuX5d+S0Fx+9d+iVnDgn13nTrT1JpmWrrFtAWaX6oEI"
              }
            ],
            "id": "lkc-3r0q90/orders",
            "kafka_cluster": [
              {
                "id": "lkc-3r0q90"
              }
            ],
            "partitions_count": 6,
            "rest_endpoint": "https://pkc-ymrq7.us-east-2.aws.confluent.cloud:443",
            "topic_name": "orders"
          },
          "sensitive_attributes": [
            [
              {
                "type": "get_attr",
                "value": "credentials"
              },
              {
                "type": "index",
                "value": {
                  "value": 0,
                  "type": "number"
                }
              },
              {
                "type": "get_attr",
                "value": "secret"
              }
            ]
          ],
          "private": "eyJzY2hlbWFfdmVyc2lvbiI6IjIifQ==",
          "dependencies": [
            "confluent_api_key.app-manager-kafka-api-key",
            "confluent_environment.staging",
            "confluent_kafka_cluster.basic",
            "confluent_role_binding.app-manager-kafka-cluster-admin",
            "confluent_service_account.app-manager"
          ]
        }
      ]
    },
    {
      "mode": "managed",
      "type": "confluent_role_binding",
      "name": "app-manager-kafka-cluster-admin",
      "provider": "provider[\"registry.terraform.io/confluentinc/confluent\"]",
      "instances": [
        {
          "schema_version": 0,
          "attributes": {
            "crn_pattern": "crn://confluent.cloud/organization=a8b6d402-8c5c-40f6-bb00-32688b97f0d5/environment=env-knnqkp/cloud-cluster=lkc-3r0q90",
            "id": "rb-YOWgN",
            "principal": "User:sa-mzv2px",
            "role_name": "CloudClusterAdmin"
          },
          "sensitive_attributes": [],
          "private": "bnVsbA==",
          "dependencies": [
            "confluent_environment.staging",
            "confluent_kafka_cluster.basic",
            "confluent_service_account.app-manager"
          ]
        }
      ]
    },
    {
      "mode": "managed",
      "type": "confluent_schema_registry_cluster",
      "name": "essentials",
      "provider": "provider[\"registry.terraform.io/confluentinc/confluent\"]",
      "instances": [
        {
          "schema_version": 0,
          "attributes": {
            "api_version": "srcm/v2",
            "display_name": "Stream Governance Package",
            "environment": [
              {
                "id": "env-knnqkp"
              }
            ],
            "id": "lsrc-3r0q9m",
            "kind": "Cluster",
            "package": "ESSENTIALS",
            "region": [
              {
                "id": "sgreg-1"
              }
            ],
            "resource_name": "crn://confluent.cloud/organization=a8b6d402-8c5c-40f6-bb00-32688b97f0d5/environment=env-knnqkp/schema-registry=lsrc-3r0q9m",
            "rest_endpoint": "https://psrc-vn38j.us-east-2.aws.confluent.cloud"
          },
          "sensitive_attributes": [],
          "private": "bnVsbA==",
          "dependencies": [
            "confluent_environment.staging",
            "data.confluent_schema_registry_region.essentials"
          ]
        }
      ]
    },
    {
      "mode": "managed",
      "type": "confluent_service_account",
      "name": "app-consumer",
      "provider": "provider[\"registry.terraform.io/confluentinc/confluent\"]",
      "instances": [
        {
          "schema_version": 0,
          "attributes": {
            "api_version": "iam/v2",
            "description": "Service account to consume from 'orders' topic of 'inventory' Kafka cluster",
            "display_name": "app-consumer-salessandro-aws-basic",
            "id": "sa-03xd56",
            "kind": "ServiceAccount"
          },
          "sensitive_attributes": [],
          "private": "bnVsbA=="
        }
      ]
    },
    {
      "mode": "managed",
      "type": "confluent_service_account",
      "name": "app-manager",
      "provider": "provider[\"registry.terraform.io/confluentinc/confluent\"]",
      "instances": [
        {
          "schema_version": 0,
          "attributes": {
            "api_version": "iam/v2",
            "description": "Service account to manage 'inventory' Kafka cluster",
            "display_name": "app-manager-salessandro-aws-basic",
            "id": "sa-mzv2px",
            "kind": "ServiceAccount"
          },
          "sensitive_attributes": [],
          "private": "bnVsbA=="
        }
      ]
    },
    {
      "mode": "managed",
      "type": "confluent_service_account",
      "name": "app-producer",
      "provider": "provider[\"registry.terraform.io/confluentinc/confluent\"]",
      "instances": [
        {
          "schema_version": 0,
          "attributes": {
            "api_version": "iam/v2",
            "description": "Service account to produce to 'orders' topic of 'inventory' Kafka cluster",
            "display_name": "app-producer-salessandro-aws-basic",
            "id": "sa-8g1vy7",
            "kind": "ServiceAccount"
          },
          "sensitive_attributes": [],
          "private": "bnVsbA=="
        }
      ]
    }
  ],
  "check_results": null
}
