{
  "version": 4,
  "terraform_version": "1.3.7",
  "serial": 6,
  "lineage": "22e5b56a-8453-b259-f1fd-518da170791e",
  "outputs": {},
  "resources": [
    {
      "mode": "managed",
      "type": "confluent_environment",
      "name": "staging",
      "provider": "provider[\"registry.terraform.io/confluentinc/confluent\"]",
      "instances": [
        {
          "schema_version": 0,
          "attributes": {
            "display_name": "Staging",
            "id": "env-knnqkp",
            "resource_name": "crn://confluent.cloud/organization=a8b6d402-8c5c-40f6-bb00-32688b97f0d5/environment=env-knnqkp"
          },
          "sensitive_attributes": [],
          "private": "eyJzY2hlbWFfdmVyc2lvbiI6IjAifQ=="
        }
      ]
    },
    {
      "mode": "managed",
      "type": "confluent_service_account",
      "name": "app-consumer",
      "provider": "provider[\"registry.terraform.io/confluentinc/confluent\"]",
      "instances": [
        {
          "schema_version": 0,
          "attributes": {
            "api_version": "iam/v2",
            "description": "Service account to consume from 'orders' topic of 'inventory' Kafka cluster",
            "display_name": "app-consumer-azure",
            "id": "sa-9pxop0",
            "kind": "ServiceAccount"
          },
          "sensitive_attributes": [],
          "private": "bnVsbA=="
        }
      ]
    },
    {
      "mode": "managed",
      "type": "confluent_service_account",
      "name": "app-manager",
      "provider": "provider[\"registry.terraform.io/confluentinc/confluent\"]",
      "instances": [
        {
          "schema_version": 0,
          "attributes": {
            "api_version": "iam/v2",
            "description": "Service account to manage 'inventory' Kafka cluster",
            "display_name": "app-manager-azure",
            "id": "sa-rj7gv7",
            "kind": "ServiceAccount"
          },
          "sensitive_attributes": [],
          "private": "bnVsbA=="
        }
      ]
    },
    {
      "mode": "managed",
      "type": "confluent_service_account",
      "name": "app-producer",
      "provider": "provider[\"registry.terraform.io/confluentinc/confluent\"]",
      "instances": [
        {
          "schema_version": 0,
          "attributes": {
            "api_version": "iam/v2",
            "description": "Service account to produce to 'orders' topic of 'inventory' Kafka cluster",
            "display_name": "app-producer-azure",
            "id": "sa-j9o29q",
            "kind": "ServiceAccount"
          },
          "sensitive_attributes": [],
          "private": "bnVsbA=="
        }
      ]
    }
  ],
  "check_results": null
}
