{
  "version": 4,
  "terraform_version": "1.3.7",
  "serial": 24,
  "lineage": "0e2b530a-af3e-54bd-9383-0cd2d694674d",
  "outputs": {
    "resource-ids": {
      "value": "Environment ID:   env-w55o29\nKafka Cluster ID: lkc-m8wy07\nKafka topic name: orders\n\nService Accounts and their Kafka API Keys (API Keys inherit the permissions granted to the owner):\napp-manager-azure-dedicated:                     sa-372k3m\napp-manager-azure-dedicated's Kafka API Key:     \"X22DPWEP6MGPFDX4\"\napp-manager-azure-dedicated's Kafka API Secret:  \"M+qdEzRsChaQX22ky5qFBBGvwxtJgqowMaoXOI/+SEbgx36MuHCUkjMmUU2+Ndvf\"\n\napp-producer-azure-dedicated:                    sa-nko153\napp-producer-azure-dedicated's Kafka API Key:    \"GWBRUAB6VDHWLSAD\"\napp-producer-azure-dedicated's Kafka API Secret: \"OeLpGz0ULrq28NkjltHD6y4A0yHPKeynX7og8e8L6+5BvwHh5f8Y5Q3vQQwuWJEv\"\n\napp-consumer-azure-dedicated:                    sa-z6qzyz\napp-consumer-azure-dedicated's Kafka API Key:    \"EAYBZ4F3COPOFMDQ\"\napp-consumer-azure-dedicated's Kafka API Secret: \"e3tuQfRIQJ9La+2YtbLYUtI8/xYUm+nTT1iRPKI4qIBx6kH7x2QTPex1uX11a3/S\"\n\nIn order to use the Confluent CLI v2 to produce and consume messages from topic 'orders' using Kafka API Keys\nof app-producer-azure-dedicated and app-consumer-azure-dedicated service accounts\nrun the following commands:\n\n# 1. Log in to Confluent Cloud\n$ confluent login\n\n# 2. Produce key-value records to topic 'orders' by using app-producer-azure-dedicated's Kafka API Key\n$ confluent kafka topic produce orders --environment env-w55o29 --cluster lkc-m8wy07 --api-key \"GWBRUAB6VDHWLSAD\" --api-secret \"OeLpGz0ULrq28NkjltHD6y4A0yHPKeynX7og8e8L6+5BvwHh5f8Y5Q3vQQwuWJEv\"\n# Enter a few records and then press 'Ctrl-C' when you're done.\n# Sample records:\n# {\"number\":1,\"date\":18500,\"shipping_address\":\"899 W Evelyn Ave, Mountain View, CA 94041, USA\",\"cost\":15.00}\n# {\"number\":2,\"date\":18501,\"shipping_address\":\"1 Bedford St, London WC2E 9HG, United Kingdom\",\"cost\":5.00}\n# {\"number\":3,\"date\":18502,\"shipping_address\":\"3307 Northland Dr Suite 400, Austin, TX 78731, USA\",\"cost\":10.00}\n\n# 3. Consume records from topic 'orders' by using app-consumer-azure-dedicated's Kafka API Key\n$ confluent kafka topic consume orders --from-beginning --environment env-w55o29 --cluster lkc-m8wy07 --api-key \"EAYBZ4F3COPOFMDQ\" --api-secret \"e3tuQfRIQJ9La+2YtbLYUtI8/xYUm+nTT1iRPKI4qIBx6kH7x2QTPex1uX11a3/S\"\n# When you are done, press 'Ctrl-C'.\n",
      "type": "string",
      "sensitive": true
    }
  },
  "resources": [
    {
      "mode": "data",
      "type": "confluent_schema_registry_region",
      "name": "essentials",
      "provider": "provider[\"registry.terraform.io/confluentinc/confluent\"]",
      "instances": [
        {
          "schema_version": 0,
          "attributes": {
            "cloud": "AZURE",
            "id": "sgreg-7",
            "package": "ESSENTIALS",
            "region": "westus2"
          },
          "sensitive_attributes": []
        }
      ]
    },
    {
      "mode": "managed",
      "type": "confluent_api_key",
      "name": "app-consumer-kafka-api-key",
      "provider": "provider[\"registry.terraform.io/confluentinc/confluent\"]",
      "instances": [
        {
          "schema_version": 0,
          "attributes": {
            "description": "Kafka API Key that is owned by 'app-consumer' service account",
            "disable_wait_for_ready": false,
            "display_name": "app-consumer-kafka-api-key-azure-dedicated",
            "id": "EAYBZ4F3COPOFMDQ",
            "managed_resource": [
              {
                "api_version": "cmk/v2",
                "environment": [
                  {
                    "id": "env-w55o29"
                  }
                ],
                "id": "lkc-m8wy07",
                "kind": "Cluster"
              }
            ],
            "owner": [
              {
                "api_version": "iam/v2",
                "id": "sa-z6qzyz",
                "kind": "ServiceAccount"
              }
            ],
            "secret": "e3tuQfRIQJ9La+2YtbLYUtI8/xYUm+nTT1iRPKI4qIBx6kH7x2QTPex1uX11a3/S"
          },
          "sensitive_attributes": [],
          "private": "bnVsbA==",
          "dependencies": [
            "confluent_environment.staging",
            "confluent_kafka_cluster.basic",
            "confluent_service_account.app-consumer"
          ]
        }
      ]
    },
    {
      "mode": "managed",
      "type": "confluent_api_key",
      "name": "app-manager-kafka-api-key",
      "provider": "provider[\"registry.terraform.io/confluentinc/confluent\"]",
      "instances": [
        {
          "schema_version": 0,
          "attributes": {
            "description": "Kafka API Key that is owned by 'app-manager' service account",
            "disable_wait_for_ready": false,
            "display_name": "app-manager-kafka-api-key-azure-dedicated",
            "id": "X22DPWEP6MGPFDX4",
            "managed_resource": [
              {
                "api_version": "cmk/v2",
                "environment": [
                  {
                    "id": "env-w55o29"
                  }
                ],
                "id": "lkc-m8wy07",
                "kind": "Cluster"
              }
            ],
            "owner": [
              {
                "api_version": "iam/v2",
                "id": "sa-372k3m",
                "kind": "ServiceAccount"
              }
            ],
            "secret": "M+qdEzRsChaQX22ky5qFBBGvwxtJgqowMaoXOI/+SEbgx36MuHCUkjMmUU2+Ndvf"
          },
          "sensitive_attributes": [],
          "private": "bnVsbA==",
          "dependencies": [
            "confluent_environment.staging",
            "confluent_kafka_cluster.basic",
            "confluent_role_binding.app-manager-kafka-cluster-admin",
            "confluent_service_account.app-manager"
          ]
        }
      ]
    },
    {
      "mode": "managed",
      "type": "confluent_api_key",
      "name": "app-producer-kafka-api-key",
      "provider": "provider[\"registry.terraform.io/confluentinc/confluent\"]",
      "instances": [
        {
          "schema_version": 0,
          "attributes": {
            "description": "Kafka API Key that is owned by 'app-producer' service account",
            "disable_wait_for_ready": false,
            "display_name": "app-producer-kafka-api-key-azure-dedicated",
            "id": "GWBRUAB6VDHWLSAD",
            "managed_resource": [
              {
                "api_version": "cmk/v2",
                "environment": [
                  {
                    "id": "env-w55o29"
                  }
                ],
                "id": "lkc-m8wy07",
                "kind": "Cluster"
              }
            ],
            "owner": [
              {
                "api_version": "iam/v2",
                "id": "sa-nko153",
                "kind": "ServiceAccount"
              }
            ],
            "secret": "OeLpGz0ULrq28NkjltHD6y4A0yHPKeynX7og8e8L6+5BvwHh5f8Y5Q3vQQwuWJEv"
          },
          "sensitive_attributes": [],
          "private": "bnVsbA==",
          "dependencies": [
            "confluent_environment.staging",
            "confluent_kafka_cluster.basic",
            "confluent_service_account.app-producer"
          ]
        }
      ]
    },
    {
      "mode": "managed",
      "type": "confluent_connector",
      "name": "source",
      "provider": "provider[\"registry.terraform.io/confluentinc/confluent\"]",
      "instances": [
        {
          "schema_version": 0,
          "attributes": {
            "config_nonsensitive": {
              "connector.class": "DatagenSource",
              "kafka.auth.mode": "SERVICE_ACCOUNT",
              "kafka.service.account.id": "sa-mz7nr1",
              "kafka.topic": "orders",
              "name": "DatagenSourceConnector_0",
              "output.data.format": "JSON",
              "quickstart": "ORDERS",
              "tasks.max": "1"
            },
            "config_sensitive": {},
            "environment": [
              {
                "id": "env-w55o29"
              }
            ],
            "id": "lcc-d98y2z",
            "kafka_cluster": [
              {
                "id": "lkc-m8wy07"
              }
            ],
            "status": "RUNNING",
            "timeouts": null
          },
          "sensitive_attributes": [],
          "private": "eyJlMmJmYjczMC1lY2FhLTExZTYtOGY4OC0zNDM2M2JjN2M0YzAiOnsiY3JlYXRlIjo4NjQwMDAwMDAwMDAwMH19",
          "dependencies": [
            "confluent_api_key.app-manager-kafka-api-key",
            "confluent_environment.staging",
            "confluent_kafka_acl.app-connector-create-on-data-preview-topics",
            "confluent_kafka_acl.app-connector-describe-on-cluster",
            "confluent_kafka_acl.app-connector-write-on-data-preview-topics",
            "confluent_kafka_acl.app-connector-write-on-target-topic",
            "confluent_kafka_cluster.basic",
            "confluent_kafka_topic.orders",
            "confluent_role_binding.app-manager-kafka-cluster-admin",
            "confluent_service_account.app-connector",
            "confluent_service_account.app-manager"
          ]
        }
      ]
    },
    {
      "mode": "managed",
      "type": "confluent_environment",
      "name": "staging",
      "provider": "provider[\"registry.terraform.io/confluentinc/confluent\"]",
      "instances": [
        {
          "schema_version": 0,
          "attributes": {
            "display_name": "Source",
            "id": "env-w55o29",
            "resource_name": "crn://confluent.cloud/organization=a8b6d402-8c5c-40f6-bb00-32688b97f0d5/environment=env-w55o29"
          },
          "sensitive_attributes": [],
          "private": "bnVsbA=="
        }
      ]
    },
    {
      "mode": "managed",
      "type": "confluent_kafka_acl",
      "name": "app-connector-create-on-data-preview-topics",
      "provider": "provider[\"registry.terraform.io/confluentinc/confluent\"]",
      "instances": [
        {
          "schema_version": 2,
          "attributes": {
            "credentials": [
              {
                "key": "X22DPWEP6MGPFDX4",
                "secret": "M+qdEzRsChaQX22ky5qFBBGvwxtJgqowMaoXOI/+SEbgx36MuHCUkjMmUU2+Ndvf"
              }
            ],
            "host": "*",
            "id": "lkc-m8wy07/TOPIC#data-preview#PREFIXED#User:sa-mz7nr1#*#CREATE#ALLOW",
            "kafka_cluster": [
              {
                "id": "lkc-m8wy07"
              }
            ],
            "operation": "CREATE",
            "pattern_type": "PREFIXED",
            "permission": "ALLOW",
            "principal": "User:sa-mz7nr1",
            "resource_name": "data-preview",
            "resource_type": "TOPIC",
            "rest_endpoint": "https://pkc-w01dg.eastus.azure.confluent.cloud:443"
          },
          "sensitive_attributes": [
            [
              {
                "type": "get_attr",
                "value": "credentials"
              },
              {
                "type": "index",
                "value": {
                  "value": 0,
                  "type": "number"
                }
              },
              {
                "type": "get_attr",
                "value": "secret"
              }
            ]
          ],
          "private": "eyJzY2hlbWFfdmVyc2lvbiI6IjIifQ==",
          "dependencies": [
            "confluent_api_key.app-manager-kafka-api-key",
            "confluent_environment.staging",
            "confluent_kafka_cluster.basic",
            "confluent_role_binding.app-manager-kafka-cluster-admin",
            "confluent_service_account.app-connector",
            "confluent_service_account.app-manager"
          ]
        }
      ]
    },
    {
      "mode": "managed",
      "type": "confluent_kafka_acl",
      "name": "app-connector-describe-on-cluster",
      "provider": "provider[\"registry.terraform.io/confluentinc/confluent\"]",
      "instances": [
        {
          "schema_version": 2,
          "attributes": {
            "credentials": [
              {
                "key": "X22DPWEP6MGPFDX4",
                "secret": "M+qdEzRsChaQX22ky5qFBBGvwxtJgqowMaoXOI/+SEbgx36MuHCUkjMmUU2+Ndvf"
              }
            ],
            "host": "*",
            "id": "lkc-m8wy07/CLUSTER#kafka-cluster#LITERAL#User:sa-mz7nr1#*#DESCRIBE#ALLOW",
            "kafka_cluster": [
              {
                "id": "lkc-m8wy07"
              }
            ],
            "operation": "DESCRIBE",
            "pattern_type": "LITERAL",
            "permission": "ALLOW",
            "principal": "User:sa-mz7nr1",
            "resource_name": "kafka-cluster",
            "resource_type": "CLUSTER",
            "rest_endpoint": "https://pkc-w01dg.eastus.azure.confluent.cloud:443"
          },
          "sensitive_attributes": [
            [
              {
                "type": "get_attr",
                "value": "credentials"
              },
              {
                "type": "index",
                "value": {
                  "value": 0,
                  "type": "number"
                }
              },
              {
                "type": "get_attr",
                "value": "secret"
              }
            ]
          ],
          "private": "eyJzY2hlbWFfdmVyc2lvbiI6IjIifQ==",
          "dependencies": [
            "confluent_api_key.app-manager-kafka-api-key",
            "confluent_environment.staging",
            "confluent_kafka_cluster.basic",
            "confluent_role_binding.app-manager-kafka-cluster-admin",
            "confluent_service_account.app-connector",
            "confluent_service_account.app-manager"
          ]
        }
      ]
    },
    {
      "mode": "managed",
      "type": "confluent_kafka_acl",
      "name": "app-connector-write-on-data-preview-topics",
      "provider": "provider[\"registry.terraform.io/confluentinc/confluent\"]",
      "instances": [
        {
          "schema_version": 2,
          "attributes": {
            "credentials": [
              {
                "key": "X22DPWEP6MGPFDX4",
                "secret": "M+qdEzRsChaQX22ky5qFBBGvwxtJgqowMaoXOI/+SEbgx36MuHCUkjMmUU2+Ndvf"
              }
            ],
            "host": "*",
            "id": "lkc-m8wy07/TOPIC#data-preview#PREFIXED#User:sa-mz7nr1#*#WRITE#ALLOW",
            "kafka_cluster": [
              {
                "id": "lkc-m8wy07"
              }
            ],
            "operation": "WRITE",
            "pattern_type": "PREFIXED",
            "permission": "ALLOW",
            "principal": "User:sa-mz7nr1",
            "resource_name": "data-preview",
            "resource_type": "TOPIC",
            "rest_endpoint": "https://pkc-w01dg.eastus.azure.confluent.cloud:443"
          },
          "sensitive_attributes": [
            [
              {
                "type": "get_attr",
                "value": "credentials"
              },
              {
                "type": "index",
                "value": {
                  "value": 0,
                  "type": "number"
                }
              },
              {
                "type": "get_attr",
                "value": "secret"
              }
            ]
          ],
          "private": "eyJzY2hlbWFfdmVyc2lvbiI6IjIifQ==",
          "dependencies": [
            "confluent_api_key.app-manager-kafka-api-key",
            "confluent_environment.staging",
            "confluent_kafka_cluster.basic",
            "confluent_role_binding.app-manager-kafka-cluster-admin",
            "confluent_service_account.app-connector",
            "confluent_service_account.app-manager"
          ]
        }
      ]
    },
    {
      "mode": "managed",
      "type": "confluent_kafka_acl",
      "name": "app-connector-write-on-target-topic",
      "provider": "provider[\"registry.terraform.io/confluentinc/confluent\"]",
      "instances": [
        {
          "schema_version": 2,
          "attributes": {
            "credentials": [
              {
                "key": "X22DPWEP6MGPFDX4",
                "secret": "M+qdEzRsChaQX22ky5qFBBGvwxtJgqowMaoXOI/+SEbgx36MuHCUkjMmUU2+Ndvf"
              }
            ],
            "host": "*",
            "id": "lkc-m8wy07/TOPIC#orders#LITERAL#User:sa-mz7nr1#*#WRITE#ALLOW",
            "kafka_cluster": [
              {
                "id": "lkc-m8wy07"
              }
            ],
            "operation": "WRITE",
            "pattern_type": "LITERAL",
            "permission": "ALLOW",
            "principal": "User:sa-mz7nr1",
            "resource_name": "orders",
            "resource_type": "TOPIC",
            "rest_endpoint": "https://pkc-w01dg.eastus.azure.confluent.cloud:443"
          },
          "sensitive_attributes": [
            [
              {
                "type": "get_attr",
                "value": "credentials"
              },
              {
                "type": "index",
                "value": {
                  "value": 0,
                  "type": "number"
                }
              },
              {
                "type": "get_attr",
                "value": "secret"
              }
            ]
          ],
          "private": "eyJzY2hlbWFfdmVyc2lvbiI6IjIifQ==",
          "dependencies": [
            "confluent_api_key.app-manager-kafka-api-key",
            "confluent_environment.staging",
            "confluent_kafka_cluster.basic",
            "confluent_kafka_topic.orders",
            "confluent_role_binding.app-manager-kafka-cluster-admin",
            "confluent_service_account.app-connector",
            "confluent_service_account.app-manager"
          ]
        }
      ]
    },
    {
      "mode": "managed",
      "type": "confluent_kafka_acl",
      "name": "app-consumer-read-on-group",
      "provider": "provider[\"registry.terraform.io/confluentinc/confluent\"]",
      "instances": [
        {
          "schema_version": 2,
          "attributes": {
            "credentials": [
              {
                "key": "X22DPWEP6MGPFDX4",
                "secret": "M+qdEzRsChaQX22ky5qFBBGvwxtJgqowMaoXOI/+SEbgx36MuHCUkjMmUU2+Ndvf"
              }
            ],
            "host": "*",
            "id": "lkc-m8wy07/GROUP#confluent_cli_consumer_#PREFIXED#User:sa-z6qzyz#*#READ#ALLOW",
            "kafka_cluster": [
              {
                "id": "lkc-m8wy07"
              }
            ],
            "operation": "READ",
            "pattern_type": "PREFIXED",
            "permission": "ALLOW",
            "principal": "User:sa-z6qzyz",
            "resource_name": "confluent_cli_consumer_",
            "resource_type": "GROUP",
            "rest_endpoint": "https://pkc-w01dg.eastus.azure.confluent.cloud:443"
          },
          "sensitive_attributes": [
            [
              {
                "type": "get_attr",
                "value": "credentials"
              },
              {
                "type": "index",
                "value": {
                  "value": 0,
                  "type": "number"
                }
              },
              {
                "type": "get_attr",
                "value": "secret"
              }
            ]
          ],
          "private": "eyJzY2hlbWFfdmVyc2lvbiI6IjIifQ==",
          "dependencies": [
            "confluent_api_key.app-manager-kafka-api-key",
            "confluent_environment.staging",
            "confluent_kafka_cluster.basic",
            "confluent_role_binding.app-manager-kafka-cluster-admin",
            "confluent_service_account.app-consumer",
            "confluent_service_account.app-manager"
          ]
        }
      ]
    },
    {
      "mode": "managed",
      "type": "confluent_kafka_acl",
      "name": "app-consumer-read-on-topic",
      "provider": "provider[\"registry.terraform.io/confluentinc/confluent\"]",
      "instances": [
        {
          "schema_version": 2,
          "attributes": {
            "credentials": [
              {
                "key": "X22DPWEP6MGPFDX4",
                "secret": "M+qdEzRsChaQX22ky5qFBBGvwxtJgqowMaoXOI/+SEbgx36MuHCUkjMmUU2+Ndvf"
              }
            ],
            "host": "*",
            "id": "lkc-m8wy07/TOPIC#orders#LITERAL#User:sa-z6qzyz#*#READ#ALLOW",
            "kafka_cluster": [
              {
                "id": "lkc-m8wy07"
              }
            ],
            "operation": "READ",
            "pattern_type": "LITERAL",
            "permission": "ALLOW",
            "principal": "User:sa-z6qzyz",
            "resource_name": "orders",
            "resource_type": "TOPIC",
            "rest_endpoint": "https://pkc-w01dg.eastus.azure.confluent.cloud:443"
          },
          "sensitive_attributes": [
            [
              {
                "type": "get_attr",
                "value": "credentials"
              },
              {
                "type": "index",
                "value": {
                  "value": 0,
                  "type": "number"
                }
              },
              {
                "type": "get_attr",
                "value": "secret"
              }
            ]
          ],
          "private": "eyJzY2hlbWFfdmVyc2lvbiI6IjIifQ==",
          "dependencies": [
            "confluent_api_key.app-manager-kafka-api-key",
            "confluent_environment.staging",
            "confluent_kafka_cluster.basic",
            "confluent_kafka_topic.orders",
            "confluent_role_binding.app-manager-kafka-cluster-admin",
            "confluent_service_account.app-consumer",
            "confluent_service_account.app-manager"
          ]
        }
      ]
    },
    {
      "mode": "managed",
      "type": "confluent_kafka_acl",
      "name": "app-producer-write-on-topic",
      "provider": "provider[\"registry.terraform.io/confluentinc/confluent\"]",
      "instances": [
        {
          "schema_version": 2,
          "attributes": {
            "credentials": [
              {
                "key": "X22DPWEP6MGPFDX4",
                "secret": "M+qdEzRsChaQX22ky5qFBBGvwxtJgqowMaoXOI/+SEbgx36MuHCUkjMmUU2+Ndvf"
              }
            ],
            "host": "*",
            "id": "lkc-m8wy07/TOPIC#orders#LITERAL#User:sa-nko153#*#WRITE#ALLOW",
            "kafka_cluster": [
              {
                "id": "lkc-m8wy07"
              }
            ],
            "operation": "WRITE",
            "pattern_type": "LITERAL",
            "permission": "ALLOW",
            "principal": "User:sa-nko153",
            "resource_name": "orders",
            "resource_type": "TOPIC",
            "rest_endpoint": "https://pkc-w01dg.eastus.azure.confluent.cloud:443"
          },
          "sensitive_attributes": [
            [
              {
                "type": "get_attr",
                "value": "credentials"
              },
              {
                "type": "index",
                "value": {
                  "value": 0,
                  "type": "number"
                }
              },
              {
                "type": "get_attr",
                "value": "secret"
              }
            ]
          ],
          "private": "eyJzY2hlbWFfdmVyc2lvbiI6IjIifQ==",
          "dependencies": [
            "confluent_api_key.app-manager-kafka-api-key",
            "confluent_environment.staging",
            "confluent_kafka_cluster.basic",
            "confluent_kafka_topic.orders",
            "confluent_role_binding.app-manager-kafka-cluster-admin",
            "confluent_service_account.app-manager",
            "confluent_service_account.app-producer"
          ]
        }
      ]
    },
    {
      "mode": "managed",
      "type": "confluent_kafka_cluster",
      "name": "basic",
      "provider": "provider[\"registry.terraform.io/confluentinc/confluent\"]",
      "instances": [
        {
          "schema_version": 1,
          "attributes": {
            "api_version": "cmk/v2",
            "availability": "SINGLE_ZONE",
            "basic": [],
            "bootstrap_endpoint": "SASL_SSL://pkc-w01dg.eastus.azure.confluent.cloud:9092",
            "cloud": "AZURE",
            "dedicated": [
              {
                "cku": 1,
                "encryption_key": ""
              }
            ],
            "display_name": "inventory-Azure",
            "environment": [
              {
                "id": "env-w55o29"
              }
            ],
            "id": "lkc-m8wy07",
            "kind": "Cluster",
            "network": [
              {
                "id": ""
              }
            ],
            "rbac_crn": "crn://confluent.cloud/organization=a8b6d402-8c5c-40f6-bb00-32688b97f0d5/environment=env-w55o29/cloud-cluster=lkc-m8wy07",
            "region": "eastus",
            "rest_endpoint": "https://pkc-w01dg.eastus.azure.confluent.cloud:443",
            "standard": [],
            "timeouts": null
          },
          "sensitive_attributes": [],
          "private": "eyJlMmJmYjczMC1lY2FhLTExZTYtOGY4OC0zNDM2M2JjN2M0YzAiOnsiY3JlYXRlIjoyNTkyMDAwMDAwMDAwMDAsInVwZGF0ZSI6MjU5MjAwMDAwMDAwMDAwfSwic2NoZW1hX3ZlcnNpb24iOiIxIn0=",
          "dependencies": [
            "confluent_environment.staging"
          ]
        }
      ]
    },
    {
      "mode": "managed",
      "type": "confluent_kafka_topic",
      "name": "orders",
      "provider": "provider[\"registry.terraform.io/confluentinc/confluent\"]",
      "instances": [
        {
          "schema_version": 2,
          "attributes": {
            "config": {},
            "credentials": [
              {
                "key": "X22DPWEP6MGPFDX4",
                "secret": "M+qdEzRsChaQX22ky5qFBBGvwxtJgqowMaoXOI/+SEbgx36MuHCUkjMmUU2+Ndvf"
              }
            ],
            "id": "lkc-m8wy07/orders",
            "kafka_cluster": [
              {
                "id": "lkc-m8wy07"
              }
            ],
            "partitions_count": 6,
            "rest_endpoint": "https://pkc-w01dg.eastus.azure.confluent.cloud:443",
            "topic_name": "orders"
          },
          "sensitive_attributes": [
            [
              {
                "type": "get_attr",
                "value": "credentials"
              },
              {
                "type": "index",
                "value": {
                  "value": 0,
                  "type": "number"
                }
              },
              {
                "type": "get_attr",
                "value": "secret"
              }
            ]
          ],
          "private": "eyJzY2hlbWFfdmVyc2lvbiI6IjIifQ==",
          "dependencies": [
            "confluent_api_key.app-manager-kafka-api-key",
            "confluent_environment.staging",
            "confluent_kafka_cluster.basic",
            "confluent_role_binding.app-manager-kafka-cluster-admin",
            "confluent_service_account.app-manager"
          ]
        }
      ]
    },
    {
      "mode": "managed",
      "type": "confluent_role_binding",
      "name": "app-manager-kafka-cluster-admin",
      "provider": "provider[\"registry.terraform.io/confluentinc/confluent\"]",
      "instances": [
        {
          "schema_version": 0,
          "attributes": {
            "crn_pattern": "crn://confluent.cloud/organization=a8b6d402-8c5c-40f6-bb00-32688b97f0d5/environment=env-w55o29/cloud-cluster=lkc-m8wy07",
            "id": "rb-6RkOX",
            "principal": "User:sa-372k3m",
            "role_name": "CloudClusterAdmin"
          },
          "sensitive_attributes": [],
          "private": "bnVsbA==",
          "dependencies": [
            "confluent_environment.staging",
            "confluent_kafka_cluster.basic",
            "confluent_service_account.app-manager"
          ]
        }
      ]
    },
    {
      "mode": "managed",
      "type": "confluent_schema_registry_cluster",
      "name": "essentials",
      "provider": "provider[\"registry.terraform.io/confluentinc/confluent\"]",
      "instances": [
        {
          "schema_version": 0,
          "attributes": {
            "api_version": "srcm/v2",
            "display_name": "Stream Governance Package",
            "environment": [
              {
                "id": "env-w55o29"
              }
            ],
            "id": "lsrc-qr97od",
            "kind": "Cluster",
            "package": "ESSENTIALS",
            "region": [
              {
                "id": "sgreg-7"
              }
            ],
            "resource_name": "crn://confluent.cloud/organization=a8b6d402-8c5c-40f6-bb00-32688b97f0d5/environment=env-w55o29/schema-registry=lsrc-qr97od",
            "rest_endpoint": "https://psrc-dz0xz.westus2.azure.confluent.cloud"
          },
          "sensitive_attributes": [],
          "private": "bnVsbA==",
          "dependencies": [
            "confluent_environment.staging",
            "data.confluent_schema_registry_region.essentials"
          ]
        }
      ]
    },
    {
      "mode": "managed",
      "type": "confluent_service_account",
      "name": "app-connector",
      "provider": "provider[\"registry.terraform.io/confluentinc/confluent\"]",
      "instances": [
        {
          "schema_version": 0,
          "attributes": {
            "api_version": "iam/v2",
            "description": "Service account of S3 Sink Connector to consume from 'orders' topic of 'inventory' Kafka cluster",
            "display_name": "app-connector",
            "id": "sa-mz7nr1",
            "kind": "ServiceAccount"
          },
          "sensitive_attributes": [],
          "private": "bnVsbA=="
        }
      ]
    },
    {
      "mode": "managed",
      "type": "confluent_service_account",
      "name": "app-consumer",
      "provider": "provider[\"registry.terraform.io/confluentinc/confluent\"]",
      "instances": [
        {
          "schema_version": 0,
          "attributes": {
            "api_version": "iam/v2",
            "description": "Service account to consume from 'orders' topic of 'inventory' Kafka cluster",
            "display_name": "app-consumer-azure-dedicated",
            "id": "sa-z6qzyz",
            "kind": "ServiceAccount"
          },
          "sensitive_attributes": [],
          "private": "bnVsbA=="
        }
      ]
    },
    {
      "mode": "managed",
      "type": "confluent_service_account",
      "name": "app-manager",
      "provider": "provider[\"registry.terraform.io/confluentinc/confluent\"]",
      "instances": [
        {
          "schema_version": 0,
          "attributes": {
            "api_version": "iam/v2",
            "description": "Service account to manage 'inventory' Kafka cluster",
            "display_name": "app-manager-azure-dedicated",
            "id": "sa-372k3m",
            "kind": "ServiceAccount"
          },
          "sensitive_attributes": [],
          "private": "bnVsbA=="
        }
      ]
    },
    {
      "mode": "managed",
      "type": "confluent_service_account",
      "name": "app-producer",
      "provider": "provider[\"registry.terraform.io/confluentinc/confluent\"]",
      "instances": [
        {
          "schema_version": 0,
          "attributes": {
            "api_version": "iam/v2",
            "description": "Service account to produce to 'orders' topic of 'inventory' Kafka cluster",
            "display_name": "app-producer-azure-dedicated",
            "id": "sa-nko153",
            "kind": "ServiceAccount"
          },
          "sensitive_attributes": [],
          "private": "bnVsbA=="
        }
      ]
    }
  ],
  "check_results": null
}
