{
  "version": 4,
  "terraform_version": "1.3.7",
  "serial": 6,
  "lineage": "7413c13a-9c45-e47e-1751-980eb37a40f7",
  "outputs": {},
  "resources": [
    {
      "mode": "data",
      "type": "confluent_schema_registry_region",
      "name": "essentials",
      "provider": "provider[\"registry.terraform.io/confluentinc/confluent\"]",
      "instances": [
        {
          "schema_version": 0,
          "attributes": {
            "cloud": "AZURE",
            "id": "sgreg-7",
            "package": "ESSENTIALS",
            "region": "westus2"
          },
          "sensitive_attributes": []
        }
      ]
    },
    {
      "mode": "managed",
      "type": "confluent_api_key",
      "name": "app-consumer-kafka-api-key",
      "provider": "provider[\"registry.terraform.io/confluentinc/confluent\"]",
      "instances": []
    },
    {
      "mode": "managed",
      "type": "confluent_api_key",
      "name": "app-manager-kafka-api-key",
      "provider": "provider[\"registry.terraform.io/confluentinc/confluent\"]",
      "instances": []
    },
    {
      "mode": "managed",
      "type": "confluent_api_key",
      "name": "app-producer-kafka-api-key",
      "provider": "provider[\"registry.terraform.io/confluentinc/confluent\"]",
      "instances": []
    },
    {
      "mode": "managed",
      "type": "confluent_connector",
      "name": "source",
      "provider": "provider[\"registry.terraform.io/confluentinc/confluent\"]",
      "instances": []
    },
    {
      "mode": "managed",
      "type": "confluent_environment",
      "name": "env",
      "provider": "provider[\"registry.terraform.io/confluentinc/confluent\"]",
      "instances": [
        {
          "schema_version": 0,
          "attributes": {
            "display_name": "SAlessandro-Source",
            "id": "env-w555p5",
            "resource_name": "crn://confluent.cloud/organization=3a7645e9-597d-4522-9a3c-9974868669a3/environment=env-w555p5"
          },
          "sensitive_attributes": [],
          "private": "bnVsbA=="
        }
      ]
    },
    {
      "mode": "managed",
      "type": "confluent_kafka_acl",
      "name": "app-connector-create-on-data-preview-topics",
      "provider": "provider[\"registry.terraform.io/confluentinc/confluent\"]",
      "instances": []
    },
    {
      "mode": "managed",
      "type": "confluent_kafka_acl",
      "name": "app-connector-describe-on-cluster",
      "provider": "provider[\"registry.terraform.io/confluentinc/confluent\"]",
      "instances": []
    },
    {
      "mode": "managed",
      "type": "confluent_kafka_acl",
      "name": "app-connector-write-on-data-preview-topics",
      "provider": "provider[\"registry.terraform.io/confluentinc/confluent\"]",
      "instances": []
    },
    {
      "mode": "managed",
      "type": "confluent_kafka_acl",
      "name": "app-connector-write-on-target-topic",
      "provider": "provider[\"registry.terraform.io/confluentinc/confluent\"]",
      "instances": []
    },
    {
      "mode": "managed",
      "type": "confluent_kafka_acl",
      "name": "app-consumer-read-on-group",
      "provider": "provider[\"registry.terraform.io/confluentinc/confluent\"]",
      "instances": []
    },
    {
      "mode": "managed",
      "type": "confluent_kafka_acl",
      "name": "app-consumer-read-on-topic",
      "provider": "provider[\"registry.terraform.io/confluentinc/confluent\"]",
      "instances": []
    },
    {
      "mode": "managed",
      "type": "confluent_kafka_acl",
      "name": "app-producer-write-on-topic",
      "provider": "provider[\"registry.terraform.io/confluentinc/confluent\"]",
      "instances": []
    },
    {
      "mode": "managed",
      "type": "confluent_kafka_cluster",
      "name": "dedicated",
      "provider": "provider[\"registry.terraform.io/confluentinc/confluent\"]",
      "instances": []
    },
    {
      "mode": "managed",
      "type": "confluent_kafka_topic",
      "name": "orders",
      "provider": "provider[\"registry.terraform.io/confluentinc/confluent\"]",
      "instances": []
    },
    {
      "mode": "managed",
      "type": "confluent_role_binding",
      "name": "app-manager-kafka-cluster-admin",
      "provider": "provider[\"registry.terraform.io/confluentinc/confluent\"]",
      "instances": []
    },
    {
      "mode": "managed",
      "type": "confluent_schema_registry_cluster",
      "name": "essentials",
      "provider": "provider[\"registry.terraform.io/confluentinc/confluent\"]",
      "instances": [
        {
          "schema_version": 0,
          "attributes": {
            "api_version": "srcm/v2",
            "display_name": "Stream Governance Package",
            "environment": [
              {
                "id": "env-w555p5"
              }
            ],
            "id": "lsrc-pr0vgy",
            "kind": "Cluster",
            "package": "ESSENTIALS",
            "region": [
              {
                "id": "sgreg-7"
              }
            ],
            "resource_name": "crn://confluent.cloud/organization=3a7645e9-597d-4522-9a3c-9974868669a3/environment=env-w555p5/schema-registry=lsrc-pr0vgy",
            "rest_endpoint": "https://psrc-3508o.westus2.azure.confluent.cloud"
          },
          "sensitive_attributes": [],
          "private": "bnVsbA==",
          "dependencies": [
            "confluent_environment.env",
            "data.confluent_schema_registry_region.essentials"
          ]
        }
      ]
    },
    {
      "mode": "managed",
      "type": "confluent_service_account",
      "name": "app-connector",
      "provider": "provider[\"registry.terraform.io/confluentinc/confluent\"]",
      "instances": [
        {
          "schema_version": 0,
          "attributes": {
            "api_version": "iam/v2",
            "description": "Service account of S3 Sink Connector to consume from 'orders' topic of 'inventory' Kafka cluster",
            "display_name": "app-connector",
            "id": "sa-6gdjwj",
            "kind": "ServiceAccount"
          },
          "sensitive_attributes": [],
          "private": "bnVsbA=="
        }
      ]
    },
    {
      "mode": "managed",
      "type": "confluent_service_account",
      "name": "app-consumer",
      "provider": "provider[\"registry.terraform.io/confluentinc/confluent\"]",
      "instances": [
        {
          "schema_version": 0,
          "attributes": {
            "api_version": "iam/v2",
            "description": "Service account to consume from 'orders' topic of 'inventory' Kafka cluster",
            "display_name": "app-consumer-azure-dedicated",
            "id": "sa-372v72",
            "kind": "ServiceAccount"
          },
          "sensitive_attributes": [],
          "private": "bnVsbA=="
        }
      ]
    },
    {
      "mode": "managed",
      "type": "confluent_service_account",
      "name": "app-manager",
      "provider": "provider[\"registry.terraform.io/confluentinc/confluent\"]",
      "instances": [
        {
          "schema_version": 0,
          "attributes": {
            "api_version": "iam/v2",
            "description": "Service account to manage 'inventory' Kafka cluster",
            "display_name": "app-manager-azure-dedicated",
            "id": "sa-d1k2v7",
            "kind": "ServiceAccount"
          },
          "sensitive_attributes": [],
          "private": "bnVsbA=="
        }
      ]
    },
    {
      "mode": "managed",
      "type": "confluent_service_account",
      "name": "app-producer",
      "provider": "provider[\"registry.terraform.io/confluentinc/confluent\"]",
      "instances": [
        {
          "schema_version": 0,
          "attributes": {
            "api_version": "iam/v2",
            "description": "Service account to produce to 'orders' topic of 'inventory' Kafka cluster",
            "display_name": "app-producer-azure-dedicated",
            "id": "sa-z6q2p0",
            "kind": "ServiceAccount"
          },
          "sensitive_attributes": [],
          "private": "bnVsbA=="
        }
      ]
    }
  ],
  "check_results": null
}
